
Microsoft Visual Studio Solution File, Format Version 12.00
# Visual Studio 15
VisualStudioVersion = 15.0.27703.2000
MinimumVisualStudioVersion = 10.0.40219.1
Project("{FAE04EC0-301F-11D3-BF4B-00C04F79EFBC}") = "Travel", "Travel\Travel.csproj", "{4ADC11F2-8FF1-40F0-8E73-88CB3A409365}"
EndProject
Project("{FAE04EC0-301F-11D3-BF4B-00C04F79EFBC}") = "Common", "Common\Common.csproj", "{F7DD7F4E-BE19-4AEF-B521-6927A9DC4490}"
EndProject
Global
	GlobalSection(SolutionConfigurationPlatforms) = preSolution
		Debug|Any CPU = Debug|Any CPU
		Release|Any CPU = Release|Any CPU
	EndGlobalSection
	GlobalSection(ProjectConfigurationPlatforms) = postSolution
		{4ADC11F2-8FF1-40F0-8E73-88CB3A409365}.Debug|Any CPU.ActiveCfg = Debug|Any CPU
		{4ADC11F2-8FF1-40F0-8E73-88CB3A409365}.Debug|Any CPU.Build.0 = Debug|Any CPU
		{4ADC11F2-8FF1-40F0-8E73-88CB3A409365}.Release|Any CPU.ActiveCfg = Release|Any CPU
		{4ADC11F2-8FF1-40F0-8E73-88CB3A409365}.Release|Any CPU.Build.0 = Release|Any CPU
		{F7DD7F4E-BE19-4AEF-B521-6927A9DC4490}.Debug|Any CPU.ActiveCfg = Debug|Any CPU
		{F7DD7F4E-BE19-4AEF-B521-6927A9DC4490}.Debug|Any CPU.Build.0 = Debug|Any CPU
		{F7DD7F4E-BE19-4AEF-B521-6927A9DC4490}.Release|Any CPU.ActiveCfg = Release|Any CPU
		{F7DD7F4E-BE19-4AEF-B521-6927A9DC4490}.Release|Any CPU.Build.0 = Release|Any CPU
	EndGlobalSection
	GlobalSection(SolutionProperties) = preSolution
		HideSolutionNode = FALSE
	EndGlobalSection
	GlobalSection(ExtensibilityGlobals) = postSolution
		SolutionGuid = {491F788C-C6CA-4A45-92BF-0CCA1FD34935}
	EndGlobalSection
EndGlobal
